{
  "version": 1,
  "dependencies": {
    "net10.0-windows7.0": {
      "Brio.API": {
        "type": "Direct",
        "requested": "[3.0.1, )",
        "resolved": "3.0.1",
        "contentHash": "40MD49ETqyGsdHGoG3JF/BFcNAphRqi27+ZxfDk2Aj7gAkzDFe7C2UVGirUByrUIj8lxiz9eEoB2i7O9lefEPQ=="
      },
      "Chaos.NaCl.Standard": {
        "type": "Direct",
        "requested": "[1.0.0, )",
        "resolved": "1.0.0",
        "contentHash": "8ajPyzu49LSIdPgeg56eDdKu1j8FZJngKgTn9rXHV3GNVly49XFvPAwoWuUT8xPze3OjVUOWQZaO82HWrYFFEw=="
      },
      "DalamudPackager": {
        "type": "Direct",
        "requested": "[14.0.2, )",
        "resolved": "14.0.2",
        "contentHash": "dQJeq+8eyHzra4Cg5eZ/3LAeS3/UpvvLriYJGSncMK9LqJ7Q4B6jwcOsxo3PfxVd15xj+IzVFxkPqIBmPQu8/w=="
      },
      "DotNet.ReproducibleBuilds": {
        "type": "Direct",
        "requested": "[2.0.2, )",
        "resolved": "2.0.2",
        "contentHash": "VaHoEN6YHp0jXucxm67vfuRy8zo9ufiKSuaZ4ZudRi8xmWcEFMKxfCsg2nvYNvdISFTURDu+IHqADGh53+Bamw=="
      },
      "Downloader": {
        "type": "Direct",
        "requested": "[5.1.0, )",
        "resolved": "5.1.0",
        "contentHash": "lUsiygfKkPgLx4oFy/dWlKrWOjpg3A/VaiSAoX8f+WiwldoQGi+JBeOgc60ep6qWeSD5FYyrUl7CYvdR1vUt3w==",
        "dependencies": {
          "Microsoft.Extensions.Logging.Abstractions": "10.0.3"
        }
      },
      "Glamourer.Api": {
        "type": "Direct",
        "requested": "[2.8.0, )",
        "resolved": "2.8.0",
        "contentHash": "dCxycU+lA0qraE70ZoRvM4GQAPq/K+qL/bg6t/kxKPox5GWaiunKOTXNOG2hOvgEda5WtFy6e3c9OuIM6L3faQ=="
      },
      "K4os.Compression.LZ4.Legacy": {
        "type": "Direct",
        "requested": "[1.3.8, )",
        "resolved": "1.3.8",
        "contentHash": "+82CK5zXbGjMnVLm2JJpsSAz3+4CRcMmxUDOmehUh1bDjrmpnc5VHxB14hiV1lXtqe53lNI+O76BQvgWhgI66g==",
        "dependencies": {
          "K4os.Compression.LZ4": "1.3.8"
        }
      },
      "K4os.Compression.LZ4.Streams": {
        "type": "Direct",
        "requested": "[1.3.8, )",
        "resolved": "1.3.8",
        "contentHash": "P15qr8dZAeo9GvYbUIPEYFQ0MEJ0i5iqr37wsYeRC3la2uCldOoeCa6to0CZ1taiwxIV+Mk8NGuZi+4iWivK9w==",
        "dependencies": {
          "K4os.Compression.LZ4": "1.3.8",
          "K4os.Hash.xxHash": "1.0.8"
        }
      },
      "MessagePack": {
        "type": "Direct",
        "requested": "[3.1.4, )",
        "resolved": "3.1.4",
        "contentHash": "BH0wlHWmVoZpbAPyyt2Awbq30C+ZsS3eHSkYdnyUAbqVJ22fAJDzn2xTieBeoT5QlcBzp61vHcv878YJGfi3mg==",
        "dependencies": {
          "MessagePack.Annotations": "3.1.4",
          "MessagePackAnalyzer": "3.1.4",
          "Microsoft.NET.StringTools": "17.11.4"
        }
      },
      "Meziantou.Analyzer": {
        "type": "Direct",
        "requested": "[3.0.25, )",
        "resolved": "3.0.25",
        "contentHash": "8mzoeC5EWI7E5gY5he3qLomGmIMT5EBFVdLRSOzwD2XikHTtVihIL+7YrrlJ1iWqshIrdmQnOxH/OIY1Bk98ww=="
      },
      "Microsoft.AspNetCore.SignalR.Client": {
        "type": "Direct",
        "requested": "[11.0.0-preview.2.26159.112, )",
        "resolved": "11.0.0-preview.2.26159.112",
        "contentHash": "0q7h1ECypFq15lut2ooOtcQ9cooKNJPZtnaWOdyvwxaxuXIkgOskKEJCyXwmPy1aS8d/kuD1yTIK3eW93U9KEQ==",
        "dependencies": {
          "Microsoft.AspNetCore.Http.Connections.Client": "11.0.0-preview.2.26159.112",
          "Microsoft.AspNetCore.SignalR.Client.Core": "11.0.0-preview.2.26159.112"
        }
      },
      "Microsoft.AspNetCore.SignalR.Protocols.MessagePack": {
        "type": "Direct",
        "requested": "[11.0.0-preview.2.26159.112, )",
        "resolved": "11.0.0-preview.2.26159.112",
        "contentHash": "6s405qsA92LCrlOcM/Pg7RpEgvI3SpzoIgCZ0sIkaMj3OX9+qVEGgic710cWQsI1treUZPI6+x9rgzFbItRYyA==",
        "dependencies": {
          "MessagePack": "2.5.187",
          "Microsoft.AspNetCore.SignalR.Common": "11.0.0-preview.2.26159.112"
        }
      },
      "Microsoft.Extensions.Hosting": {
        "type": "Direct",
        "requested": "[11.0.0-preview.2.26159.112, )",
        "resolved": "11.0.0-preview.2.26159.112",
        "contentHash": "Pus1zPRUepuvT+AdAbPcTOIxPl5mopA79YQM6rjdwE6xz+h/wTK7hRZKNfqKrHsK2ywcZ7nngYm/VEAUqVfmhA==",
        "dependencies": {
          "Microsoft.Extensions.Configuration": "11.0.0-preview.2.26159.112",
          "Microsoft.Extensions.Configuration.Abstractions": "11.0.0-preview.2.26159.112",
          "Microsoft.Extensions.Configuration.Binder": "11.0.0-preview.2.26159.112",
          "Microsoft.Extensions.Configuration.CommandLine": "11.0.0-preview.2.26159.112",
          "Microsoft.Extensions.Configuration.EnvironmentVariables": "11.0.0-preview.2.26159.112",
          "Microsoft.Extensions.Configuration.FileExtensions": "11.0.0-preview.2.26159.112",
          "Microsoft.Extensions.Configuration.Json": "11.0.0-preview.2.26159.112",
          "Microsoft.Extensions.Configuration.UserSecrets": "11.0.0-preview.2.26159.112",
          "Microsoft.Extensions.DependencyInjection": "11.0.0-preview.2.26159.112",
          "Microsoft.Extensions.DependencyInjection.Abstractions": "11.0.0-preview.2.26159.112",
          "Microsoft.Extensions.Diagnostics": "11.0.0-preview.2.26159.112",
          "Microsoft.Extensions.FileProviders.Abstractions": "11.0.0-preview.2.26159.112",
          "Microsoft.Extensions.FileProviders.Physical": "11.0.0-preview.2.26159.112",
          "Microsoft.Extensions.Hosting.Abstractions": "11.0.0-preview.2.26159.112",
          "Microsoft.Extensions.Logging": "11.0.0-preview.2.26159.112",
          "Microsoft.Extensions.Logging.Abstractions": "11.0.0-preview.2.26159.112",
          "Microsoft.Extensions.Logging.Configuration": "11.0.0-preview.2.26159.112",
          "Microsoft.Extensions.Logging.Console": "11.0.0-preview.2.26159.112",
          "Microsoft.Extensions.Logging.Debug": "11.0.0-preview.2.26159.112",
          "Microsoft.Extensions.Logging.EventLog": "11.0.0-preview.2.26159.112",
          "Microsoft.Extensions.Logging.EventSource": "11.0.0-preview.2.26159.112",
          "Microsoft.Extensions.Options": "11.0.0-preview.2.26159.112"
        }
      },
      "Penumbra.Api": {
        "type": "Direct",
        "requested": "[5.13.1, )",
        "resolved": "5.13.1",
        "contentHash": "kmpqhcbnnF+Ib0F9g7+1W17IbZ8Q8G2zn3MJURd/rmQiB3D7cm8YS2JRmvhDzrN5w9OMlfq7MFxVtwG419YkIA=="
      },
      "SonarAnalyzer.CSharp": {
        "type": "Direct",
        "requested": "[10.21.0.135717, )",
        "resolved": "10.21.0.135717",
        "contentHash": "i5awvO2aapfOLXq5v7uvCxLvx+p5H79RhGi2+gPMTDKpw4IBOX3Nw+1fuIcH4ZIzQ7+g5PYJi3fBYHFh0Iz+Fw=="
      },
      "System.IdentityModel.Tokens.Jwt": {
        "type": "Direct",
        "requested": "[8.16.0, )",
        "resolved": "8.16.0",
        "contentHash": "rrs2u7DRMXQG2yh0oVyF/vLwosfRv20Ld2iEpYcKwQWXHjfV+gFXNQsQ9p008kR9Ou4pxBs68Q6/9zC8Gi1wjg==",
        "dependencies": {
          "Microsoft.IdentityModel.JsonWebTokens": "8.16.0",
          "Microsoft.IdentityModel.Tokens": "8.16.0"
        }
      },
      "JetBrains.Annotations": {
        "type": "Transitive",
        "resolved": "2024.3.0",
        "contentHash": "ox5pkeLQXjvJdyAB4b2sBYAlqZGLh3PjSnP1bQNVx72ONuTJ9+34/+Rq91Fc0dG29XG9RgZur9+NcP4riihTug=="
      },
      "K4os.Compression.LZ4": {
        "type": "Transitive",
        "resolved": "1.3.8",
        "contentHash": "LhwlPa7c1zs1OV2XadMtAWdImjLIsqFJPoRcIWAadSRn0Ri1DepK65UbWLPmt4riLqx2d40xjXRk0ogpqNtK7g=="
      },
      "K4os.Hash.xxHash": {
        "type": "Transitive",
        "resolved": "1.0.8",
        "contentHash": "Wp2F7BamQ2Q/7Hk834nV9vRQapgcr8kgv9Jvfm8J3D0IhDqZMMl+a2yxUq5ltJitvXvQfB8W6K4F4fCbw/P6YQ=="
      },
      "MessagePack.Annotations": {
        "type": "Transitive",
        "resolved": "3.1.4",
        "contentHash": "aVWrDAkCdqxwQsz/q0ldPh2EFn48M99YUzE9OvZjMq2RNLKz4o2z88iGFvSvbMqOWRweRvKPHBJZe22PRqzslQ=="
      },
      "MessagePackAnalyzer": {
        "type": "Transitive",
        "resolved": "3.1.4",
        "contentHash": "CTaSsN/liJ7MhLCAB7Z4ZLBNuVGCq9lt2BT/cbrc9vzGv89yK3CqIA+z9T19a11eQYl9etZHL6MQJgCqECRVpg=="
      },
      "Microsoft.AspNetCore.Connections.Abstractions": {
        "type": "Transitive",
        "resolved": "11.0.0-preview.2.26159.112",
        "contentHash": "PDpzCClZHMSUYOmP62wDL5gNgQ/L1ZtW0q1UIN6CfdSdpCTn8lDLnqHKkyr85Bob9ZaiEBflm75PiKPBplnDlg==",
        "dependencies": {
          "Microsoft.Bcl.AsyncInterfaces": "11.0.0-preview.2.26159.112",
          "Microsoft.Extensions.Features": "11.0.0-preview.2.26159.112",
          "System.IO.Pipelines": "11.0.0-preview.2.26159.112"
        }
      },
      "Microsoft.AspNetCore.Http.Connections.Client": {
        "type": "Transitive",
        "resolved": "11.0.0-preview.2.26159.112",
        "contentHash": "X7P1RpSo8mD4+HBR//94u1UBzW2oaq283VbtVaYElP6ZPxsmH6BpnadjCp3i23f+hJHpBmR29JGvC+FLYxSkTw==",
        "dependencies": {
          "Microsoft.AspNetCore.Http.Connections.Common": "11.0.0-preview.2.26159.112",
          "Microsoft.Extensions.Logging.Abstractions": "11.0.0-preview.2.26159.112",
          "Microsoft.Extensions.Options": "11.0.0-preview.2.26159.112",
          "System.Net.ServerSentEvents": "11.0.0-preview.2.26159.112"
        }
      },
      "Microsoft.AspNetCore.Http.Connections.Common": {
        "type": "Transitive",
        "resolved": "11.0.0-preview.2.26159.112",
        "contentHash": "o+/gP1jrgb7MsAGANAh3Y50jpWjW7DXqP318/QmjL7trCuNJ8Idqb3XwMqZ+6CqnMGhr4gWsPWADOE994npd2w==",
        "dependencies": {
          "Microsoft.AspNetCore.Connections.Abstractions": "11.0.0-preview.2.26159.112",
          "System.Text.Json": "11.0.0-preview.2.26159.112"
        }
      },
      "Microsoft.AspNetCore.SignalR.Client.Core": {
        "type": "Transitive",
        "resolved": "11.0.0-preview.2.26159.112",
        "contentHash": "GAnhwxW8TzR6z8a+E5if93H9aCisuIU9alyclKDTWmhyNoi7sbMp8RU6Q5M5A6+83aSAIsx6bm/EyPwaIBzcXw==",
        "dependencies": {
          "Microsoft.AspNetCore.SignalR.Common": "11.0.0-preview.2.26159.112",
          "Microsoft.AspNetCore.SignalR.Protocols.Json": "11.0.0-preview.2.26159.112",
          "Microsoft.Bcl.TimeProvider": "11.0.0-preview.2.26159.112",
          "Microsoft.Extensions.DependencyInjection": "11.0.0-preview.2.26159.112",
          "Microsoft.Extensions.Logging": "11.0.0-preview.2.26159.112",
          "System.Threading.Channels": "11.0.0-preview.2.26159.112"
        }
      },
      "Microsoft.AspNetCore.SignalR.Common": {
        "type": "Transitive",
        "resolved": "11.0.0-preview.2.26159.112",
        "contentHash": "i1FnbPmBbaFMbTom/f+4WOGyY4DY+4JXzO6SBDKVUg/P29+oc94fjxUzb82kQp4RaV+EJTliDfIAliLKyclMrQ==",
        "dependencies": {
          "Microsoft.AspNetCore.Connections.Abstractions": "11.0.0-preview.2.26159.112",
          "Microsoft.Extensions.Options": "11.0.0-preview.2.26159.112",
          "System.Text.Json": "11.0.0-preview.2.26159.112"
        }
      },
      "Microsoft.AspNetCore.SignalR.Protocols.Json": {
        "type": "Transitive",
        "resolved": "11.0.0-preview.2.26159.112",
        "contentHash": "dtPTgw/0luupPRMsDOjuoV6gRuUqJmu4ysHoegvuPsGDWJ+VwiOqigQZPrP1aS3UIKtNyimaVS3tJnFaCYRubQ==",
        "dependencies": {
          "Microsoft.AspNetCore.SignalR.Common": "11.0.0-preview.2.26159.112"
        }
      },
      "Microsoft.Bcl.AsyncInterfaces": {
        "type": "Transitive",
        "resolved": "11.0.0-preview.2.26159.112",
        "contentHash": "Ir7vx+3o0faJBFwdctutOZsW9xpSgrtmrcnUQ+JgAW2C2YKEOgExyDs/y6JTh0EGh3LaVQR207rPMAz/ec+Yxw=="
      },
      "Microsoft.Bcl.TimeProvider": {
        "type": "Transitive",
        "resolved": "11.0.0-preview.2.26159.112",
        "contentHash": "uFFBPU9giuKzaBjLQFFJifzWZWeHBs6QgKdtXqnLrNJYXF35dbHKI6LPFks/8HkbZ3q49mpRxqa200Jbqorqgg=="
      },
      "Microsoft.Extensions.Configuration": {
        "type": "Transitive",
        "resolved": "11.0.0-preview.2.26159.112",
        "contentHash": "SxjZFpseC15I/KFuYNIrgjs3nRksgr0WC7Z8KrDZutw2nsdzIpMM+bvXKXU9Dy5MvTCxDCp1xcI/gfmH7nw4Eg==",
        "dependencies": {
          "Microsoft.Extensions.Configuration.Abstractions": "11.0.0-preview.2.26159.112",
          "Microsoft.Extensions.Primitives": "11.0.0-preview.2.26159.112"
        }
      },
      "Microsoft.Extensions.Configuration.Abstractions": {
        "type": "Transitive",
        "resolved": "11.0.0-preview.2.26159.112",
        "contentHash": "cv4DpD5pnnaXoI+6pVtaUUwHGv7yVlkWu8nkiIZ0J6dSWYk8SGEqdSvJcASkcShod5cbCUhtzA6nM2KCBrIaKQ==",
        "dependencies": {
          "Microsoft.Extensions.Primitives": "11.0.0-preview.2.26159.112"
        }
      },
      "Microsoft.Extensions.Configuration.Binder": {
        "type": "Transitive",
        "resolved": "11.0.0-preview.2.26159.112",
        "contentHash": "cYTRGy3JYivsoHNGOgLidJ69+7ugkF9aPYQubZXzSjQZIKv265fVh4nEB18h29w4+tg64tB9UooCtY2trZUtLw==",
        "dependencies": {
          "Microsoft.Extensions.Configuration": "11.0.0-preview.2.26159.112",
          "Microsoft.Extensions.Configuration.Abstractions": "11.0.0-preview.2.26159.112"
        }
      },
      "Microsoft.Extensions.Configuration.CommandLine": {
        "type": "Transitive",
        "resolved": "11.0.0-preview.2.26159.112",
        "contentHash": "wVqPzPvj7quboG0LYfqZUuwkJ3YfPnOP3I03DG7UQtWTQYlZihFFzPGjAy1iPhCZC7MY/NXhFMnT849GoJmQeA==",
        "dependencies": {
          "Microsoft.Extensions.Configuration": "11.0.0-preview.2.26159.112",
          "Microsoft.Extensions.Configuration.Abstractions": "11.0.0-preview.2.26159.112"
        }
      },
      "Microsoft.Extensions.Configuration.EnvironmentVariables": {
        "type": "Transitive",
        "resolved": "11.0.0-preview.2.26159.112",
        "contentHash": "lxAfGD59IWjkTpVZUFnvhKFTXFpd6dqPDbKvnjGMZQbKpdS1O7mKhz1tWIF5ND/rHpP5wE3Mo/akNviQfhi6kw==",
        "dependencies": {
          "Microsoft.Extensions.Configuration": "11.0.0-preview.2.26159.112",
          "Microsoft.Extensions.Configuration.Abstractions": "11.0.0-preview.2.26159.112"
        }
      },
      "Microsoft.Extensions.Configuration.FileExtensions": {
        "type": "Transitive",
        "resolved": "11.0.0-preview.2.26159.112",
        "contentHash": "3as4hygnuNvxOCiSF0JQ7HDosXjmzgv36m+M5iy8JmO66xKw57aB31VFcEPTfYKxAOBn6OaDCi7Ek/4y9i2N8Q==",
        "dependencies": {
          "Microsoft.Extensions.Configuration": "11.0.0-preview.2.26159.112",
          "Microsoft.Extensions.Configuration.Abstractions": "11.0.0-preview.2.26159.112",
          "Microsoft.Extensions.FileProviders.Abstractions": "11.0.0-preview.2.26159.112",
          "Microsoft.Extensions.FileProviders.Physical": "11.0.0-preview.2.26159.112",
          "Microsoft.Extensions.Primitives": "11.0.0-preview.2.26159.112"
        }
      },
      "Microsoft.Extensions.Configuration.Json": {
        "type": "Transitive",
        "resolved": "11.0.0-preview.2.26159.112",
        "contentHash": "/oaX9LAtdDdKA5W8IfP9/zVWdXOs0+3vwM6MWZg85f+N2B2CBs0sAttBj67A3eR60qvmEWIe66+zmNqA5p74UQ==",
        "dependencies": {
          "Microsoft.Extensions.Configuration": "11.0.0-preview.2.26159.112",
          "Microsoft.Extensions.Configuration.Abstractions": "11.0.0-preview.2.26159.112",
          "Microsoft.Extensions.Configuration.FileExtensions": "11.0.0-preview.2.26159.112",
          "Microsoft.Extensions.FileProviders.Abstractions": "11.0.0-preview.2.26159.112",
          "System.Text.Json": "11.0.0-preview.2.26159.112"
        }
      },
      "Microsoft.Extensions.Configuration.UserSecrets": {
        "type": "Transitive",
        "resolved": "11.0.0-preview.2.26159.112",
        "contentHash": "eSOrHemCgbK24fe3zAB1dhRCLMUGQb6Qx5hyH2Ws4ezFodyD2oGPa8Ji8ctNlOpqvQY6CY1uzKvoN/JCMReZPQ==",
        "dependencies": {
          "Microsoft.Extensions.Configuration.Abstractions": "11.0.0-preview.2.26159.112",
          "Microsoft.Extensions.Configuration.Json": "11.0.0-preview.2.26159.112",
          "Microsoft.Extensions.FileProviders.Abstractions": "11.0.0-preview.2.26159.112",
          "Microsoft.Extensions.FileProviders.Physical": "11.0.0-preview.2.26159.112"
        }
      },
      "Microsoft.Extensions.DependencyInjection": {
        "type": "Transitive",
        "resolved": "11.0.0-preview.2.26159.112",
        "contentHash": "7H4WuK6zpCTipF/yzkFGtovofSNeBjFMh8GcLWNG8FqHx0vOqHgvDmcg4Zyay3inu/TH272/0WFCsF54B/sFDw==",
        "dependencies": {
          "Microsoft.Extensions.DependencyInjection.Abstractions": "11.0.0-preview.2.26159.112"
        }
      },
      "Microsoft.Extensions.DependencyInjection.Abstractions": {
        "type": "Transitive",
        "resolved": "11.0.0-preview.2.26159.112",
        "contentHash": "OQXAVaAtsf/HNCFzeby//Q7ibYk8Lf+8dgvRna5mmulHyXU0qPMtERY10CuhBkPdkxS69Dsgk1VjD5e3OF/f3w=="
      },
      "Microsoft.Extensions.Diagnostics": {
        "type": "Transitive",
        "resolved": "11.0.0-preview.2.26159.112",
        "contentHash": "i6NUAXHI52o8r8CScT/Z85WFGBeulsNkV+KwB2jS/kZz48ux2rM/5gF/3cJnRoRtHIl/VnciXuWpPHDK3Q4dIQ==",
        "dependencies": {
          "Microsoft.Extensions.Configuration": "11.0.0-preview.2.26159.112",
          "Microsoft.Extensions.Diagnostics.Abstractions": "11.0.0-preview.2.26159.112",
          "Microsoft.Extensions.Options.ConfigurationExtensions": "11.0.0-preview.2.26159.112"
        }
      },
      "Microsoft.Extensions.Diagnostics.Abstractions": {
        "type": "Transitive",
        "resolved": "11.0.0-preview.2.26159.112",
        "contentHash": "QyErm+xbF2PRNN9SM2tvqrRGfd1x76lG8rHm7LF3CWyQ30N0Z6hL9FbTK+oopVqaf6cqwJvgMjOCMLlmHzNyqw==",
        "dependencies": {
          "Microsoft.Extensions.DependencyInjection.Abstractions": "11.0.0-preview.2.26159.112",
          "Microsoft.Extensions.Options": "11.0.0-preview.2.26159.112",
          "System.Diagnostics.DiagnosticSource": "11.0.0-preview.2.26159.112"
        }
      },
      "Microsoft.Extensions.Features": {
        "type": "Transitive",
        "resolved": "11.0.0-preview.2.26159.112",
        "contentHash": "/aE6/xTm8P5EEkMHc8EEbJnWJDUi6L9uZrAJ7w+DSZtxJXcwbxuXqi5HpAwRkIAe/Rsb5kupVHNgnZd5G/BDGA=="
      },
      "Microsoft.Extensions.FileProviders.Abstractions": {
        "type": "Transitive",
        "resolved": "11.0.0-preview.2.26159.112",
        "contentHash": "ZXt/enX6nmh0Q4AgQOqbXcY520b2XDGGO6PvwSF8+h0EejbfvSagNKNKMRkgSHf4NVTBeoOAHtqHoYtS+Sk6lg==",
        "dependencies": {
          "Microsoft.Extensions.Primitives": "11.0.0-preview.2.26159.112"
        }
      },
      "Microsoft.Extensions.FileProviders.Physical": {
        "type": "Transitive",
        "resolved": "11.0.0-preview.2.26159.112",
        "contentHash": "dF+z1k+UryoDpehogbVH20jxTB0q42IGVvB35uY0+Wi5I5qNsNUEcS+PudrKvotS4EGdOMKmx1mNKwrWk2fmlA==",
        "dependencies": {
          "Microsoft.Extensions.FileProviders.Abstractions": "11.0.0-preview.2.26159.112",
          "Microsoft.Extensions.FileSystemGlobbing": "11.0.0-preview.2.26159.112",
          "Microsoft.Extensions.Primitives": "11.0.0-preview.2.26159.112"
        }
      },
      "Microsoft.Extensions.FileSystemGlobbing": {
        "type": "Transitive",
        "resolved": "11.0.0-preview.2.26159.112",
        "contentHash": "c0vh9jJaBvQphEimEzf/6GyPpJipJrXVXZLLihDGzGvvm4Y+b2sYjy7nO30LKi9CYmgYDUZxGY5rwgfMR/kHbg=="
      },
      "Microsoft.Extensions.Hosting.Abstractions": {
        "type": "Transitive",
        "resolved": "11.0.0-preview.2.26159.112",
        "contentHash": "Pk7FRWz7cSEARrn40kowo08fDrGVY3Ur3V+Fvk8wWgxztfaHbCOUe0Md1xyqFbEM+RM3gvo20GccL7zNiOLdNg==",
        "dependencies": {
          "Microsoft.Extensions.Configuration.Abstractions": "11.0.0-preview.2.26159.112",
          "Microsoft.Extensions.DependencyInjection.Abstractions": "11.0.0-preview.2.26159.112",
          "Microsoft.Extensions.Diagnostics.Abstractions": "11.0.0-preview.2.26159.112",
          "Microsoft.Extensions.FileProviders.Abstractions": "11.0.0-preview.2.26159.112",
          "Microsoft.Extensions.Logging.Abstractions": "11.0.0-preview.2.26159.112"
        }
      },
      "Microsoft.Extensions.Logging": {
        "type": "Transitive",
        "resolved": "11.0.0-preview.2.26159.112",
        "contentHash": "cFbgaWaXdGDx54T2FcaGNQPntTaJMl+Tw2pkg5MO0efVJ+qpavmNu9kqhiJN2vcAlTUFFw4GpkeVcZ8BIXzvSQ==",
        "dependencies": {
          "Microsoft.Extensions.DependencyInjection": "11.0.0-preview.2.26159.112",
          "Microsoft.Extensions.Logging.Abstractions": "11.0.0-preview.2.26159.112",
          "Microsoft.Extensions.Options": "11.0.0-preview.2.26159.112"
        }
      },
      "Microsoft.Extensions.Logging.Abstractions": {
        "type": "Transitive",
        "resolved": "11.0.0-preview.2.26159.112",
        "contentHash": "yE3AafH9H/ybiI5USxYfCEexMM7MogTfziE6dgeT5P09nATl8wfk31clavCRALdoF5pDgxMsKxJ7P0XXhjlbYA==",
        "dependencies": {
          "Microsoft.Extensions.DependencyInjection.Abstractions": "11.0.0-preview.2.26159.112",
          "System.Diagnostics.DiagnosticSource": "11.0.0-preview.2.26159.112"
        }
      },
      "Microsoft.Extensions.Logging.Configuration": {
        "type": "Transitive",
        "resolved": "11.0.0-preview.2.26159.112",
        "contentHash": "wvT6Iz76zikZ43lwSJ4GXh1idrotZIbN0RntpDHC1beYfnd1nWc4FK8rfhGO1ohh4ZbrzmFuDPKF+R7PmrxUnw==",
        "dependencies": {
          "Microsoft.Extensions.Configuration": "11.0.0-preview.2.26159.112",
          "Microsoft.Extensions.Configuration.Abstractions": "11.0.0-preview.2.26159.112",
          "Microsoft.Extensions.Configuration.Binder": "11.0.0-preview.2.26159.112",
          "Microsoft.Extensions.DependencyInjection.Abstractions": "11.0.0-preview.2.26159.112",
          "Microsoft.Extensions.Logging": "11.0.0-preview.2.26159.112",
          "Microsoft.Extensions.Logging.Abstractions": "11.0.0-preview.2.26159.112",
          "Microsoft.Extensions.Options": "11.0.0-preview.2.26159.112",
          "Microsoft.Extensions.Options.ConfigurationExtensions": "11.0.0-preview.2.26159.112"
        }
      },
      "Microsoft.Extensions.Logging.Console": {
        "type": "Transitive",
        "resolved": "11.0.0-preview.2.26159.112",
        "contentHash": "+/U/f4/oOjBs0Fgy/kdZmf/Cm89HnXL9Ugn0/mv4XIt909qGnozvRQ2Jl0FJDILSXEMRxv4zKDdPwgY4V7GxkQ==",
        "dependencies": {
          "Microsoft.Extensions.DependencyInjection.Abstractions": "11.0.0-preview.2.26159.112",
          "Microsoft.Extensions.Logging": "11.0.0-preview.2.26159.112",
          "Microsoft.Extensions.Logging.Abstractions": "11.0.0-preview.2.26159.112",
          "Microsoft.Extensions.Logging.Configuration": "11.0.0-preview.2.26159.112",
          "Microsoft.Extensions.Options": "11.0.0-preview.2.26159.112",
          "System.Text.Json": "11.0.0-preview.2.26159.112"
        }
      },
      "Microsoft.Extensions.Logging.Debug": {
        "type": "Transitive",
        "resolved": "11.0.0-preview.2.26159.112",
        "contentHash": "Y8EkC8f9BNsHEEaegFntsbdgX3Fi6t/ADZ9NBPUoDRI2tzhALO405YXh+yHBWGwobZAWnlN9lYLuFDkxxCOm6g==",
        "dependencies": {
          "Microsoft.Extensions.DependencyInjection.Abstractions": "11.0.0-preview.2.26159.112",
          "Microsoft.Extensions.Logging": "11.0.0-preview.2.26159.112",
          "Microsoft.Extensions.Logging.Abstractions": "11.0.0-preview.2.26159.112"
        }
      },
      "Microsoft.Extensions.Logging.EventLog": {
        "type": "Transitive",
        "resolved": "11.0.0-preview.2.26159.112",
        "contentHash": "2wRqOirENiVgLsLpGRMadSTvD5fYyqrzwAiWwX9HNSTX5eHVzSisP32s/iq887N3DA+TMfozRmJkzEGn4PUU3A==",
        "dependencies": {
          "Microsoft.Extensions.DependencyInjection.Abstractions": "11.0.0-preview.2.26159.112",
          "Microsoft.Extensions.Logging": "11.0.0-preview.2.26159.112",
          "Microsoft.Extensions.Logging.Abstractions": "11.0.0-preview.2.26159.112",
          "Microsoft.Extensions.Logging.Configuration": "11.0.0-preview.2.26159.112",
          "Microsoft.Extensions.Options": "11.0.0-preview.2.26159.112",
          "System.Diagnostics.EventLog": "11.0.0-preview.2.26159.112"
        }
      },
      "Microsoft.Extensions.Logging.EventSource": {
        "type": "Transitive",
        "resolved": "11.0.0-preview.2.26159.112",
        "contentHash": "P8nMA9nefDTRLws58+xevL/c2+taa5MoSw9AYRD5AlC/34kMlHH5enX71Kggqqb8n+ef3oeJaQAr0ldm5T7veA==",
        "dependencies": {
          "Microsoft.Extensions.DependencyInjection.Abstractions": "11.0.0-preview.2.26159.112",
          "Microsoft.Extensions.Logging": "11.0.0-preview.2.26159.112",
          "Microsoft.Extensions.Logging.Abstractions": "11.0.0-preview.2.26159.112",
          "Microsoft.Extensions.Options": "11.0.0-preview.2.26159.112",
          "Microsoft.Extensions.Primitives": "11.0.0-preview.2.26159.112",
          "System.Text.Json": "11.0.0-preview.2.26159.112"
        }
      },
      "Microsoft.Extensions.Options": {
        "type": "Transitive",
        "resolved": "11.0.0-preview.2.26159.112",
        "contentHash": "j+c3ChsPtHUk125Av2B685t6fJrgKI02zCOacFpWxtHVm3LoWwVsBsu+HfByf3hko39N3gni1ZbrB7NI1VJk3g==",
        "dependencies": {
          "Microsoft.Extensions.DependencyInjection.Abstractions": "11.0.0-preview.2.26159.112",
          "Microsoft.Extensions.Primitives": "11.0.0-preview.2.26159.112"
        }
      },
      "Microsoft.Extensions.Options.ConfigurationExtensions": {
        "type": "Transitive",
        "resolved": "11.0.0-preview.2.26159.112",
        "contentHash": "kr/rIDUALfxgKrvCbBJtctKU76Kcq3Rh+RHM7+tI8hPT40mRtVkP2b/ceMhBs7flkKzWMb5weIi/0rXE5yZuuA==",
        "dependencies": {
          "Microsoft.Extensions.Configuration.Abstractions": "11.0.0-preview.2.26159.112",
          "Microsoft.Extensions.Configuration.Binder": "11.0.0-preview.2.26159.112",
          "Microsoft.Extensions.DependencyInjection.Abstractions": "11.0.0-preview.2.26159.112",
          "Microsoft.Extensions.Options": "11.0.0-preview.2.26159.112",
          "Microsoft.Extensions.Primitives": "11.0.0-preview.2.26159.112"
        }
      },
      "Microsoft.Extensions.Primitives": {
        "type": "Transitive",
        "resolved": "11.0.0-preview.2.26159.112",
        "contentHash": "1S1pHUdrdgz8tVgJCgMli0cN3np/k6aLTwYASyQFHhuPrUzq0YaTHzge23BUqgIbKCZSFLzQ2V9LKgxfRsCFeQ=="
      },
      "Microsoft.IdentityModel.Abstractions": {
        "type": "Transitive",
        "resolved": "8.16.0",
        "contentHash": "gSxKLWRZzBpIsEoeUPkxfywNCCvRvl7hkq146XHPk5vOQc9izSf1I+uL1vh4y2U19QPxd9Z8K/8AdWyxYz2lSg=="
      },
      "Microsoft.IdentityModel.JsonWebTokens": {
        "type": "Transitive",
        "resolved": "8.16.0",
        "contentHash": "prBU72cIP4V8E9fhN+o/YdskTsLeIcnKPbhZf0X6mD7fdxoZqnS/NdEkSr+9Zp+2q7OZBOMfNBKGbTbhXODO4w==",
        "dependencies": {
          "Microsoft.IdentityModel.Tokens": "8.16.0"
        }
      },
      "Microsoft.IdentityModel.Logging": {
        "type": "Transitive",
        "resolved": "8.16.0",
        "contentHash": "MTzXmETkNQPACR7/XCXM1OGM6oU9RkyibqeJRtO9Ndew2LnGjMf9Atqj2VSf4XC27X0FQycUAlzxxEgQMWn2xQ==",
        "dependencies": {
          "Microsoft.IdentityModel.Abstractions": "8.16.0"
        }
      },
      "Microsoft.IdentityModel.Tokens": {
        "type": "Transitive",
        "resolved": "8.16.0",
        "contentHash": "rtViGJcGsN7WcfUNErwNeQgjuU5cJNl6FDQsfi9TncwO+Epzn0FTfBsg3YuFW1Q0Ch/KPxaVdjLw3/+5Z5ceFQ==",
        "dependencies": {
          "Microsoft.Extensions.Logging.Abstractions": "10.0.0",
          "Microsoft.IdentityModel.Logging": "8.16.0"
        }
      },
      "Microsoft.NET.StringTools": {
        "type": "Transitive",
        "resolved": "17.11.4",
        "contentHash": "mudqUHhNpeqIdJoUx2YDWZO/I9uEDYVowan89R6wsomfnUJQk6HteoQTlNjZDixhT2B4IXMkMtgZtoceIjLRmA=="
      },
      "System.Diagnostics.DiagnosticSource": {
        "type": "Transitive",
        "resolved": "11.0.0-preview.2.26159.112",
        "contentHash": "53nimBaVbzyZjQfi/hx/mRuqtNBGpu1uk7o8P9esiBVWsWz3+cimhT5pE8exQPYEJMDermE2mv5+HtPSo0TkGg=="
      },
      "System.Diagnostics.EventLog": {
        "type": "Transitive",
        "resolved": "11.0.0-preview.2.26159.112",
        "contentHash": "RG7rjmc0FeJdJs9+ri6fm25uOEoByx75OZUPsHYJ1bZqPX5wXRnsmmZHZ8mVnydOq5w0GSpRbsYxMCkSDFE4xw=="
      },
      "System.IO.Pipelines": {
        "type": "Transitive",
        "resolved": "11.0.0-preview.2.26159.112",
        "contentHash": "vySMafxlii0LynI8wgdrCZweaCDofpHy6zLWlwGK1jbSm3FfRoiuf777WjeaG0gxOj8Y0hsD8+Ydl6g17lI8Xw=="
      },
      "System.Net.ServerSentEvents": {
        "type": "Transitive",
        "resolved": "11.0.0-preview.2.26159.112",
        "contentHash": "Z+5vKZPOOWTZNK6TjQun+s8dN8Z9IU0SuZ619bLGLu92W1eWjdC9x7hsxNoAq4u+RTQcLtpuCtnY9CswWvHvXQ=="
      },
      "System.Text.Encodings.Web": {
        "type": "Transitive",
        "resolved": "11.0.0-preview.2.26159.112",
        "contentHash": "zovjxGZSQh8kG7rd7NU4H/AdsFuCTDwd3vZfT+EJioNShR8sa5aWf4LORkVWAu6/A5hU99REeineAEJD3soGtw=="
      },
      "System.Text.Json": {
        "type": "Transitive",
        "resolved": "11.0.0-preview.2.26159.112",
        "contentHash": "3pAlK9rxbovbkYzGDcmlcajVj+JtJ8aegjligipaXhfv2EdOND4VX5dYP3yF7FUHkSBlpgESD/wqUQAc+yjKdQ==",
        "dependencies": {
          "System.IO.Pipelines": "11.0.0-preview.2.26159.112",
          "System.Text.Encodings.Web": "11.0.0-preview.2.26159.112"
        }
      },
      "System.Threading.Channels": {
        "type": "Transitive",
        "resolved": "11.0.0-preview.2.26159.112",
        "contentHash": "I0fOg7SFQA2rX8ipKYrPCF6SyS9jZXeuVjvBfu3pIGVuIHl7G1Mm6gs0ktLf7WMvJS2o62GWrNlW44xDDjDbBA=="
      },
      "ottergui": {
        "type": "Project",
        "dependencies": {
          "JetBrains.Annotations": "[2024.3.0, )",
          "Microsoft.Extensions.DependencyInjection": "[9.0.2, )"
        }
      },
      "umbrasync.api": {
        "type": "Project",
        "dependencies": {
          "MessagePack": "[3.1.4, )"
        }
      }
    }
  }
}